
Microsoft Visual Studio Solution File, Format Version 12.00
# Visual Studio Version 17
VisualStudioVersion = 17.7.34031.279
MinimumVisualStudioVersion = 10.0.40219.1
Project("{9A19103F-16F7-4668-BE54-9A1E7A4F7556}") = "BackEnd", "BackEnd.csproj", "{2C1FE1D2-D70D-4F4E-B684-BBFD83D00189}"
EndProject
Global
	GlobalSection(SolutionConfigurationPlatforms) = preSolution
		Debug|Any CPU = Debug|Any CPU
		Release|Any CPU = Release|Any CPU
	EndGlobalSection
	GlobalSection(ProjectConfigurationPlatforms) = postSolution
		{2C1FE1D2-D70D-4F4E-B684-BBFD83D00189}.Debug|Any CPU.ActiveCfg = Debug|Any CPU
		{2C1FE1D2-D70D-4F4E-B684-BBFD83D00189}.Debug|Any CPU.Build.0 = Debug|Any CPU
		{2C1FE1D2-D70D-4F4E-B684-BBFD83D00189}.Release|Any CPU.ActiveCfg = Release|Any CPU
		{2C1FE1D2-D70D-4F4E-B684-BBFD83D00189}.Release|Any CPU.Build.0 = Release|Any CPU
	EndGlobalSection
	GlobalSection(SolutionProperties) = preSolution
		HideSolutionNode = FALSE
	EndGlobalSection
	GlobalSection(ExtensibilityGlobals) = postSolution
		SolutionGuid = {8A11788A-F1BC-48E3-AFB4-B6AB35573CF4}
	EndGlobalSection
EndGlobal
