
Microsoft Visual Studio Solution File, Format Version 12.00
# Visual Studio Version 17
VisualStudioVersion = 17.6.33712.159
MinimumVisualStudioVersion = 10.0.40219.1
Project("{FAE04EC0-301F-11D3-BF4B-00C04F79EFBC}") = "APIServer", "APIServer\APIServer.csproj", "{7F2EAC55-0E08-4D1A-9339-EB5374E2A6B3}"
EndProject
Global
	GlobalSection(SolutionConfigurationPlatforms) = preSolution
		Debug|Any CPU = Debug|Any CPU
		Release|Any CPU = Release|Any CPU
	EndGlobalSection
	GlobalSection(ProjectConfigurationPlatforms) = postSolution
		{7F2EAC55-0E08-4D1A-9339-EB5374E2A6B3}.Debug|Any CPU.ActiveCfg = Debug|Any CPU
		{7F2EAC55-0E08-4D1A-9339-EB5374E2A6B3}.Debug|Any CPU.Build.0 = Debug|Any CPU
		{7F2EAC55-0E08-4D1A-9339-EB5374E2A6B3}.Release|Any CPU.ActiveCfg = Release|Any CPU
		{7F2EAC55-0E08-4D1A-9339-EB5374E2A6B3}.Release|Any CPU.Build.0 = Release|Any CPU
	EndGlobalSection
	GlobalSection(SolutionProperties) = preSolution
		HideSolutionNode = FALSE
	EndGlobalSection
	GlobalSection(ExtensibilityGlobals) = postSolution
		SolutionGuid = {82CE9F64-9D3D-4509-9533-61023386CD84}
	EndGlobalSection
EndGlobal
