
Microsoft Visual Studio Solution File, Format Version 12.00
# Visual Studio Version 17
VisualStudioVersion = 17.6.33712.159
MinimumVisualStudioVersion = 10.0.40219.1
Project("{FAE04EC0-301F-11D3-BF4B-00C04F79EFBC}") = "BackEndApplication", "BackEndApplication\BackEndApplication.csproj", "{BA972106-D690-4F6E-8EC6-6D89D8302680}"
EndProject
Global
	GlobalSection(SolutionConfigurationPlatforms) = preSolution
		Debug|Any CPU = Debug|Any CPU
		Release|Any CPU = Release|Any CPU
	EndGlobalSection
	GlobalSection(ProjectConfigurationPlatforms) = postSolution
		{BA972106-D690-4F6E-8EC6-6D89D8302680}.Debug|Any CPU.ActiveCfg = Debug|Any CPU
		{BA972106-D690-4F6E-8EC6-6D89D8302680}.Debug|Any CPU.Build.0 = Debug|Any CPU
		{BA972106-D690-4F6E-8EC6-6D89D8302680}.Release|Any CPU.ActiveCfg = Release|Any CPU
		{BA972106-D690-4F6E-8EC6-6D89D8302680}.Release|Any CPU.Build.0 = Release|Any CPU
	EndGlobalSection
	GlobalSection(SolutionProperties) = preSolution
		HideSolutionNode = FALSE
	EndGlobalSection
	GlobalSection(ExtensibilityGlobals) = postSolution
		SolutionGuid = {82CE9F64-9D3D-4509-9533-61023386CD84}
	EndGlobalSection
EndGlobal
